
Microsoft Visual Studio Solution File, Format Version 12.00
# Visual Studio Version 16
VisualStudioVersion = 16.0.31410.357
MinimumVisualStudioVersion = 10.0.40219.1
Project("{8BC9CEB8-8B4A-11D0-8D11-00A0C91BC942}") = "Task1", "Task1\Task1.vcxproj", "{8B5A1281-415F-4852-AE08-EBDA5B666B61}"
EndProject
Project("{8BC9CEB8-8B4A-11D0-8D11-00A0C91BC942}") = "Static Lib", "Static Lib\Static Lib.vcxproj", "{2C789FE0-1952-43BC-B62D-9D7E3943EB86}"
EndProject
Project("{8BC9CEB8-8B4A-11D0-8D11-00A0C91BC942}") = "Dynamic Lib", "Dynamic Lib\Dynamic Lib.vcxproj", "{283A8F65-9D26-4856-826C-25C248FE208A}"
EndProject
Project("{8BC9CEB8-8B4A-11D0-8D11-00A0C91BC942}") = "Task2", "Task2\Task2.vcxproj", "{EE71DF0F-2EEC-4F58-8C69-06AE8B9E9387}"
EndProject
Project("{8BC9CEB8-8B4A-11D0-8D11-00A0C91BC942}") = "Task3.1", "Task3.1\Task3.1.vcxproj", "{9C44FC7D-0278-4D68-A362-D7C4EA98FED3}"
EndProject
Project("{8BC9CEB8-8B4A-11D0-8D11-00A0C91BC942}") = "Task3.2", "Task3.2\Task3.2.vcxproj", "{DE90C980-1B83-4A3E-8810-AB4BC8A89E3F}"
EndProject
Project("{8BC9CEB8-8B4A-11D0-8D11-00A0C91BC942}") = "Task3.3", "Task3.3\Task3.3.vcxproj", "{B51203F4-B2E0-402B-8FA8-E9F4F395ECA0}"
EndProject
Project("{8BC9CEB8-8B4A-11D0-8D11-00A0C91BC942}") = "TaskD1", "TaskD1\TaskD1.vcxproj", "{55DA18C4-9A8C-4795-A6E0-F5C8B96B05F2}"
EndProject
Project("{8BC9CEB8-8B4A-11D0-8D11-00A0C91BC942}") = "TaskD2", "TaskD2\TaskD2.vcxproj", "{397615EE-C330-4310-B7B2-C37373DF8305}"
EndProject
Project("{8BC9CEB8-8B4A-11D0-8D11-00A0C91BC942}") = "TaskD3", "TaskD3\TaskD3.vcxproj", "{3D4C7960-BE23-4EE3-984F-FD9D5BB7179D}"
EndProject
Project("{8BC9CEB8-8B4A-11D0-8D11-00A0C91BC942}") = "TestsForTask1", "TestsForTask1\TestsForTask1.vcxproj", "{409780B5-360F-4026-928D-421CBAA5E2DE}"
EndProject
Project("{8BC9CEB8-8B4A-11D0-8D11-00A0C91BC942}") = "TestsForTask2", "TestsForTask2\TestsForTask2.vcxproj", "{069874CE-F12C-4C29-8240-8ECEE1271DDC}"
EndProject
Project("{8BC9CEB8-8B4A-11D0-8D11-00A0C91BC942}") = "TestsForTask3.1", "TestsForTask3.1\TestsForTask3.1.vcxproj", "{E9935179-CAD4-42BC-8672-65C9539B4AEF}"
EndProject
Project("{8BC9CEB8-8B4A-11D0-8D11-00A0C91BC942}") = "TestsForTask3.2", "TestsForTask3.2\TestsForTask3.2.vcxproj", "{96E447C6-1A01-478C-820F-53F4132DDBA9}"
EndProject
Project("{8BC9CEB8-8B4A-11D0-8D11-00A0C91BC942}") = "TestsForTask3.3", "TestsForTask3.3\TestsForTask3.3.vcxproj", "{1708FAEC-A004-4845-90DB-2150099B2C74}"
EndProject
Project("{8BC9CEB8-8B4A-11D0-8D11-00A0C91BC942}") = "TestsFortaskD2", "TestsFortaskD2\TestsFortaskD2.vcxproj", "{1E238C36-86EA-490E-8F1A-ADA1D97C9968}"
EndProject
Global
	GlobalSection(SolutionConfigurationPlatforms) = preSolution
		Debug|x64 = Debug|x64
		Debug|x86 = Debug|x86
		Release|x64 = Release|x64
		Release|x86 = Release|x86
	EndGlobalSection
	GlobalSection(ProjectConfigurationPlatforms) = postSolution
		{8B5A1281-415F-4852-AE08-EBDA5B666B61}.Debug|x64.ActiveCfg = Debug|x64
		{8B5A1281-415F-4852-AE08-EBDA5B666B61}.Debug|x64.Build.0 = Debug|x64
		{8B5A1281-415F-4852-AE08-EBDA5B666B61}.Debug|x86.ActiveCfg = Debug|Win32
		{8B5A1281-415F-4852-AE08-EBDA5B666B61}.Debug|x86.Build.0 = Debug|Win32
		{8B5A1281-415F-4852-AE08-EBDA5B666B61}.Release|x64.ActiveCfg = Release|x64
		{8B5A1281-415F-4852-AE08-EBDA5B666B61}.Release|x64.Build.0 = Release|x64
		{8B5A1281-415F-4852-AE08-EBDA5B666B61}.Release|x86.ActiveCfg = Release|Win32
		{8B5A1281-415F-4852-AE08-EBDA5B666B61}.Release|x86.Build.0 = Release|Win32
		{2C789FE0-1952-43BC-B62D-9D7E3943EB86}.Debug|x64.ActiveCfg = Debug|x64
		{2C789FE0-1952-43BC-B62D-9D7E3943EB86}.Debug|x64.Build.0 = Debug|x64
		{2C789FE0-1952-43BC-B62D-9D7E3943EB86}.Debug|x86.ActiveCfg = Debug|Win32
		{2C789FE0-1952-43BC-B62D-9D7E3943EB86}.Debug|x86.Build.0 = Debug|Win32
		{2C789FE0-1952-43BC-B62D-9D7E3943EB86}.Release|x64.ActiveCfg = Release|x64
		{2C789FE0-1952-43BC-B62D-9D7E3943EB86}.Release|x64.Build.0 = Release|x64
		{2C789FE0-1952-43BC-B62D-9D7E3943EB86}.Release|x86.ActiveCfg = Release|Win32
		{2C789FE0-1952-43BC-B62D-9D7E3943EB86}.Release|x86.Build.0 = Release|Win32
		{283A8F65-9D26-4856-826C-25C248FE208A}.Debug|x64.ActiveCfg = Debug|x64
		{283A8F65-9D26-4856-826C-25C248FE208A}.Debug|x64.Build.0 = Debug|x64
		{283A8F65-9D26-4856-826C-25C248FE208A}.Debug|x86.ActiveCfg = Debug|Win32
		{283A8F65-9D26-4856-826C-25C248FE208A}.Debug|x86.Build.0 = Debug|Win32
		{283A8F65-9D26-4856-826C-25C248FE208A}.Release|x64.ActiveCfg = Release|x64
		{283A8F65-9D26-4856-826C-25C248FE208A}.Release|x64.Build.0 = Release|x64
		{283A8F65-9D26-4856-826C-25C248FE208A}.Release|x86.ActiveCfg = Release|Win32
		{283A8F65-9D26-4856-826C-25C248FE208A}.Release|x86.Build.0 = Release|Win32
		{EE71DF0F-2EEC-4F58-8C69-06AE8B9E9387}.Debug|x64.ActiveCfg = Debug|x64
		{EE71DF0F-2EEC-4F58-8C69-06AE8B9E9387}.Debug|x64.Build.0 = Debug|x64
		{EE71DF0F-2EEC-4F58-8C69-06AE8B9E9387}.Debug|x86.ActiveCfg = Debug|Win32
		{EE71DF0F-2EEC-4F58-8C69-06AE8B9E9387}.Debug|x86.Build.0 = Debug|Win32
		{EE71DF0F-2EEC-4F58-8C69-06AE8B9E9387}.Release|x64.ActiveCfg = Release|x64
		{EE71DF0F-2EEC-4F58-8C69-06AE8B9E9387}.Release|x64.Build.0 = Release|x64
		{EE71DF0F-2EEC-4F58-8C69-06AE8B9E9387}.Release|x86.ActiveCfg = Release|Win32
		{EE71DF0F-2EEC-4F58-8C69-06AE8B9E9387}.Release|x86.Build.0 = Release|Win32
		{9C44FC7D-0278-4D68-A362-D7C4EA98FED3}.Debug|x64.ActiveCfg = Debug|x64
		{9C44FC7D-0278-4D68-A362-D7C4EA98FED3}.Debug|x64.Build.0 = Debug|x64
		{9C44FC7D-0278-4D68-A362-D7C4EA98FED3}.Debug|x86.ActiveCfg = Debug|Win32
		{9C44FC7D-0278-4D68-A362-D7C4EA98FED3}.Debug|x86.Build.0 = Debug|Win32
		{9C44FC7D-0278-4D68-A362-D7C4EA98FED3}.Release|x64.ActiveCfg = Release|x64
		{9C44FC7D-0278-4D68-A362-D7C4EA98FED3}.Release|x64.Build.0 = Release|x64
		{9C44FC7D-0278-4D68-A362-D7C4EA98FED3}.Release|x86.ActiveCfg = Release|Win32
		{9C44FC7D-0278-4D68-A362-D7C4EA98FED3}.Release|x86.Build.0 = Release|Win32
		{DE90C980-1B83-4A3E-8810-AB4BC8A89E3F}.Debug|x64.ActiveCfg = Debug|x64
		{DE90C980-1B83-4A3E-8810-AB4BC8A89E3F}.Debug|x64.Build.0 = Debug|x64
		{DE90C980-1B83-4A3E-8810-AB4BC8A89E3F}.Debug|x86.ActiveCfg = Debug|Win32
		{DE90C980-1B83-4A3E-8810-AB4BC8A89E3F}.Debug|x86.Build.0 = Debug|Win32
		{DE90C980-1B83-4A3E-8810-AB4BC8A89E3F}.Release|x64.ActiveCfg = Release|x64
		{DE90C980-1B83-4A3E-8810-AB4BC8A89E3F}.Release|x64.Build.0 = Release|x64
		{DE90C980-1B83-4A3E-8810-AB4BC8A89E3F}.Release|x86.ActiveCfg = Release|Win32
		{DE90C980-1B83-4A3E-8810-AB4BC8A89E3F}.Release|x86.Build.0 = Release|Win32
		{B51203F4-B2E0-402B-8FA8-E9F4F395ECA0}.Debug|x64.ActiveCfg = Debug|x64
		{B51203F4-B2E0-402B-8FA8-E9F4F395ECA0}.Debug|x64.Build.0 = Debug|x64
		{B51203F4-B2E0-402B-8FA8-E9F4F395ECA0}.Debug|x86.ActiveCfg = Debug|Win32
		{B51203F4-B2E0-402B-8FA8-E9F4F395ECA0}.Debug|x86.Build.0 = Debug|Win32
		{B51203F4-B2E0-402B-8FA8-E9F4F395ECA0}.Release|x64.ActiveCfg = Release|x64
		{B51203F4-B2E0-402B-8FA8-E9F4F395ECA0}.Release|x64.Build.0 = Release|x64
		{B51203F4-B2E0-402B-8FA8-E9F4F395ECA0}.Release|x86.ActiveCfg = Release|Win32
		{B51203F4-B2E0-402B-8FA8-E9F4F395ECA0}.Release|x86.Build.0 = Release|Win32
		{55DA18C4-9A8C-4795-A6E0-F5C8B96B05F2}.Debug|x64.ActiveCfg = Debug|x64
		{55DA18C4-9A8C-4795-A6E0-F5C8B96B05F2}.Debug|x64.Build.0 = Debug|x64
		{55DA18C4-9A8C-4795-A6E0-F5C8B96B05F2}.Debug|x86.ActiveCfg = Debug|Win32
		{55DA18C4-9A8C-4795-A6E0-F5C8B96B05F2}.Debug|x86.Build.0 = Debug|Win32
		{55DA18C4-9A8C-4795-A6E0-F5C8B96B05F2}.Release|x64.ActiveCfg = Release|x64
		{55DA18C4-9A8C-4795-A6E0-F5C8B96B05F2}.Release|x64.Build.0 = Release|x64
		{55DA18C4-9A8C-4795-A6E0-F5C8B96B05F2}.Release|x86.ActiveCfg = Release|Win32
		{55DA18C4-9A8C-4795-A6E0-F5C8B96B05F2}.Release|x86.Build.0 = Release|Win32
		{397615EE-C330-4310-B7B2-C37373DF8305}.Debug|x64.ActiveCfg = Debug|x64
		{397615EE-C330-4310-B7B2-C37373DF8305}.Debug|x64.Build.0 = Debug|x64
		{397615EE-C330-4310-B7B2-C37373DF8305}.Debug|x86.ActiveCfg = Debug|Win32
		{397615EE-C330-4310-B7B2-C37373DF8305}.Debug|x86.Build.0 = Debug|Win32
		{397615EE-C330-4310-B7B2-C37373DF8305}.Release|x64.ActiveCfg = Release|x64
		{397615EE-C330-4310-B7B2-C37373DF8305}.Release|x64.Build.0 = Release|x64
		{397615EE-C330-4310-B7B2-C37373DF8305}.Release|x86.ActiveCfg = Release|Win32
		{397615EE-C330-4310-B7B2-C37373DF8305}.Release|x86.Build.0 = Release|Win32
		{3D4C7960-BE23-4EE3-984F-FD9D5BB7179D}.Debug|x64.ActiveCfg = Debug|x64
		{3D4C7960-BE23-4EE3-984F-FD9D5BB7179D}.Debug|x64.Build.0 = Debug|x64
		{3D4C7960-BE23-4EE3-984F-FD9D5BB7179D}.Debug|x86.ActiveCfg = Debug|Win32
		{3D4C7960-BE23-4EE3-984F-FD9D5BB7179D}.Debug|x86.Build.0 = Debug|Win32
		{3D4C7960-BE23-4EE3-984F-FD9D5BB7179D}.Release|x64.ActiveCfg = Release|x64
		{3D4C7960-BE23-4EE3-984F-FD9D5BB7179D}.Release|x64.Build.0 = Release|x64
		{3D4C7960-BE23-4EE3-984F-FD9D5BB7179D}.Release|x86.ActiveCfg = Release|Win32
		{3D4C7960-BE23-4EE3-984F-FD9D5BB7179D}.Release|x86.Build.0 = Release|Win32
		{409780B5-360F-4026-928D-421CBAA5E2DE}.Debug|x64.ActiveCfg = Debug|x64
		{409780B5-360F-4026-928D-421CBAA5E2DE}.Debug|x64.Build.0 = Debug|x64
		{409780B5-360F-4026-928D-421CBAA5E2DE}.Debug|x86.ActiveCfg = Debug|Win32
		{409780B5-360F-4026-928D-421CBAA5E2DE}.Debug|x86.Build.0 = Debug|Win32
		{409780B5-360F-4026-928D-421CBAA5E2DE}.Release|x64.ActiveCfg = Release|x64
		{409780B5-360F-4026-928D-421CBAA5E2DE}.Release|x64.Build.0 = Release|x64
		{409780B5-360F-4026-928D-421CBAA5E2DE}.Release|x86.ActiveCfg = Release|Win32
		{409780B5-360F-4026-928D-421CBAA5E2DE}.Release|x86.Build.0 = Release|Win32
		{069874CE-F12C-4C29-8240-8ECEE1271DDC}.Debug|x64.ActiveCfg = Debug|x64
		{069874CE-F12C-4C29-8240-8ECEE1271DDC}.Debug|x64.Build.0 = Debug|x64
		{069874CE-F12C-4C29-8240-8ECEE1271DDC}.Debug|x86.ActiveCfg = Debug|Win32
		{069874CE-F12C-4C29-8240-8ECEE1271DDC}.Debug|x86.Build.0 = Debug|Win32
		{069874CE-F12C-4C29-8240-8ECEE1271DDC}.Release|x64.ActiveCfg = Release|x64
		{069874CE-F12C-4C29-8240-8ECEE1271DDC}.Release|x64.Build.0 = Release|x64
		{069874CE-F12C-4C29-8240-8ECEE1271DDC}.Release|x86.ActiveCfg = Release|Win32
		{069874CE-F12C-4C29-8240-8ECEE1271DDC}.Release|x86.Build.0 = Release|Win32
		{E9935179-CAD4-42BC-8672-65C9539B4AEF}.Debug|x64.ActiveCfg = Debug|x64
		{E9935179-CAD4-42BC-8672-65C9539B4AEF}.Debug|x64.Build.0 = Debug|x64
		{E9935179-CAD4-42BC-8672-65C9539B4AEF}.Debug|x86.ActiveCfg = Debug|Win32
		{E9935179-CAD4-42BC-8672-65C9539B4AEF}.Debug|x86.Build.0 = Debug|Win32
		{E9935179-CAD4-42BC-8672-65C9539B4AEF}.Release|x64.ActiveCfg = Release|x64
		{E9935179-CAD4-42BC-8672-65C9539B4AEF}.Release|x64.Build.0 = Release|x64
		{E9935179-CAD4-42BC-8672-65C9539B4AEF}.Release|x86.ActiveCfg = Release|Win32
		{E9935179-CAD4-42BC-8672-65C9539B4AEF}.Release|x86.Build.0 = Release|Win32
		{96E447C6-1A01-478C-820F-53F4132DDBA9}.Debug|x64.ActiveCfg = Debug|x64
		{96E447C6-1A01-478C-820F-53F4132DDBA9}.Debug|x64.Build.0 = Debug|x64
		{96E447C6-1A01-478C-820F-53F4132DDBA9}.Debug|x86.ActiveCfg = Debug|Win32
		{96E447C6-1A01-478C-820F-53F4132DDBA9}.Debug|x86.Build.0 = Debug|Win32
		{96E447C6-1A01-478C-820F-53F4132DDBA9}.Release|x64.ActiveCfg = Release|x64
		{96E447C6-1A01-478C-820F-53F4132DDBA9}.Release|x64.Build.0 = Release|x64
		{96E447C6-1A01-478C-820F-53F4132DDBA9}.Release|x86.ActiveCfg = Release|Win32
		{96E447C6-1A01-478C-820F-53F4132DDBA9}.Release|x86.Build.0 = Release|Win32
		{1708FAEC-A004-4845-90DB-2150099B2C74}.Debug|x64.ActiveCfg = Debug|x64
		{1708FAEC-A004-4845-90DB-2150099B2C74}.Debug|x64.Build.0 = Debug|x64
		{1708FAEC-A004-4845-90DB-2150099B2C74}.Debug|x86.ActiveCfg = Debug|Win32
		{1708FAEC-A004-4845-90DB-2150099B2C74}.Debug|x86.Build.0 = Debug|Win32
		{1708FAEC-A004-4845-90DB-2150099B2C74}.Release|x64.ActiveCfg = Release|x64
		{1708FAEC-A004-4845-90DB-2150099B2C74}.Release|x64.Build.0 = Release|x64
		{1708FAEC-A004-4845-90DB-2150099B2C74}.Release|x86.ActiveCfg = Release|Win32
		{1708FAEC-A004-4845-90DB-2150099B2C74}.Release|x86.Build.0 = Release|Win32
		{1E238C36-86EA-490E-8F1A-ADA1D97C9968}.Debug|x64.ActiveCfg = Debug|x64
		{1E238C36-86EA-490E-8F1A-ADA1D97C9968}.Debug|x64.Build.0 = Debug|x64
		{1E238C36-86EA-490E-8F1A-ADA1D97C9968}.Debug|x86.ActiveCfg = Debug|Win32
		{1E238C36-86EA-490E-8F1A-ADA1D97C9968}.Debug|x86.Build.0 = Debug|Win32
		{1E238C36-86EA-490E-8F1A-ADA1D97C9968}.Release|x64.ActiveCfg = Release|x64
		{1E238C36-86EA-490E-8F1A-ADA1D97C9968}.Release|x64.Build.0 = Release|x64
		{1E238C36-86EA-490E-8F1A-ADA1D97C9968}.Release|x86.ActiveCfg = Release|Win32
		{1E238C36-86EA-490E-8F1A-ADA1D97C9968}.Release|x86.Build.0 = Release|Win32
	EndGlobalSection
	GlobalSection(SolutionProperties) = preSolution
		HideSolutionNode = FALSE
	EndGlobalSection
	GlobalSection(ExtensibilityGlobals) = postSolution
		SolutionGuid = {7F096E9C-B59E-4289-8490-1F13962B3DAB}
	EndGlobalSection
EndGlobal
