
Microsoft Visual Studio Solution File, Format Version 12.00
# Visual Studio Version 16
VisualStudioVersion = 16.0.31410.357
MinimumVisualStudioVersion = 10.0.40219.1
Project("{8BC9CEB8-8B4A-11D0-8D11-00A0C91BC942}") = "Task1", "Task1\Task1.vcxproj", "{2BA70388-FEF0-46E6-9250-6E1EF660FE5D}"
EndProject
Project("{8BC9CEB8-8B4A-11D0-8D11-00A0C91BC942}") = "Task1.2", "Task1.2\Task1.2.vcxproj", "{F8C4D70B-2031-4E22-9D02-7DDF320327B6}"
EndProject
Project("{8BC9CEB8-8B4A-11D0-8D11-00A0C91BC942}") = "Task2", "Task2\Task2.vcxproj", "{88AEC3E9-E70A-488A-9479-B95E3B106963}"
EndProject
Project("{8BC9CEB8-8B4A-11D0-8D11-00A0C91BC942}") = "Task4", "Task4\Task4.vcxproj", "{8CF49F15-415E-44D4-A74D-59E76EDA9E3C}"
EndProject
Project("{8BC9CEB8-8B4A-11D0-8D11-00A0C91BC942}") = "Task6", "Task6\Task6.vcxproj", "{285D775B-3F5A-4C5F-975F-A62F530D61F4}"
EndProject
Project("{8BC9CEB8-8B4A-11D0-8D11-00A0C91BC942}") = "Task5", "Task5\Task5.vcxproj", "{A53A58AC-4E84-43FF-9059-D06F8407282F}"
EndProject
Project("{8BC9CEB8-8B4A-11D0-8D11-00A0C91BC942}") = "Task7", "Task7\Task7.vcxproj", "{17880584-5BE5-44A8-A38A-B51E376BE357}"
EndProject
Project("{8BC9CEB8-8B4A-11D0-8D11-00A0C91BC942}") = "Task3", "Task3\Task3.vcxproj", "{132FFC14-CF87-40FE-B214-42B690BE5B71}"
EndProject
Project("{8BC9CEB8-8B4A-11D0-8D11-00A0C91BC942}") = "Task8", "Task8\Task8.vcxproj", "{009DE3A6-3C64-4206-9992-4A22BA120D2C}"
EndProject
Project("{8BC9CEB8-8B4A-11D0-8D11-00A0C91BC942}") = "Task8solve", "Task8solve\Task8solve.vcxproj", "{A4644DC5-9340-410E-BD61-BD674B2207C0}"
EndProject
Project("{8BC9CEB8-8B4A-11D0-8D11-00A0C91BC942}") = "Task9", "Task9\Task9.vcxproj", "{B76A8803-0721-4B51-9D82-3C3EC50499FA}"
EndProject
Project("{8BC9CEB8-8B4A-11D0-8D11-00A0C91BC942}") = "Task10", "Task10\Task10.vcxproj", "{0C7CE44A-72F1-49A4-870E-F50C10793A95}"
EndProject
Project("{8BC9CEB8-8B4A-11D0-8D11-00A0C91BC942}") = "Test_Task10", "Test_Task10\Test_Task10.vcxproj", "{04B50FAD-572D-4A64-9754-76C7E425E320}"
EndProject
Project("{8BC9CEB8-8B4A-11D0-8D11-00A0C91BC942}") = "Test_Task1", "Test_Task1\Test_Task1.vcxproj", "{150D8003-0659-4B51-BDC0-7269F46D1A70}"
EndProject
Project("{8BC9CEB8-8B4A-11D0-8D11-00A0C91BC942}") = "Test_Task2", "Test_Task2\Test_Task2.vcxproj", "{C38E3F3F-1C97-440A-B79E-4A6FA8EB5B4F}"
EndProject
Project("{8BC9CEB8-8B4A-11D0-8D11-00A0C91BC942}") = "Test_Task4", "Test_Task4\Test_Task4.vcxproj", "{FCAD018B-45DE-45FB-99E6-BC2BA68B87B3}"
EndProject
Project("{8BC9CEB8-8B4A-11D0-8D11-00A0C91BC942}") = "Test_Task7", "Test_Task7\Test_Task7.vcxproj", "{2AEE9467-E33D-47F9-B8F6-A8B5B8F1F3CA}"
EndProject
Project("{8BC9CEB8-8B4A-11D0-8D11-00A0C91BC942}") = "Test_Task8", "Test_Task8\Test_Task8.vcxproj", "{7C928152-1CC8-40BE-8B34-D05D6F214BB1}"
EndProject
Project("{8BC9CEB8-8B4A-11D0-8D11-00A0C91BC942}") = "Test_Task9", "Test_Task9\Test_Task9.vcxproj", "{5079CE89-0C83-41D9-8117-092A79691DB6}"
EndProject
Project("{8BC9CEB8-8B4A-11D0-8D11-00A0C91BC942}") = "Test_Task6", "Test_Task6\Test_Task6.vcxproj", "{A27FD509-659B-4AAB-A389-11816460E296}"
EndProject
Project("{8BC9CEB8-8B4A-11D0-8D11-00A0C91BC942}") = "Test_Task5", "Test_Task5\Test_Task5.vcxproj", "{99A3BF1C-E271-45B4-9862-0B7568D06FA9}"
EndProject
Project("{8BC9CEB8-8B4A-11D0-8D11-00A0C91BC942}") = "Test_Task3", "Test_Task3\Test_Task3.vcxproj", "{0B5011E7-F50C-436F-9A2D-7F7AD8AEEBD3}"
EndProject
Global
	GlobalSection(SolutionConfigurationPlatforms) = preSolution
		Debug|x64 = Debug|x64
		Debug|x86 = Debug|x86
		Release|x64 = Release|x64
		Release|x86 = Release|x86
	EndGlobalSection
	GlobalSection(ProjectConfigurationPlatforms) = postSolution
		{2BA70388-FEF0-46E6-9250-6E1EF660FE5D}.Debug|x64.ActiveCfg = Debug|x64
		{2BA70388-FEF0-46E6-9250-6E1EF660FE5D}.Debug|x64.Build.0 = Debug|x64
		{2BA70388-FEF0-46E6-9250-6E1EF660FE5D}.Debug|x86.ActiveCfg = Debug|Win32
		{2BA70388-FEF0-46E6-9250-6E1EF660FE5D}.Debug|x86.Build.0 = Debug|Win32
		{2BA70388-FEF0-46E6-9250-6E1EF660FE5D}.Release|x64.ActiveCfg = Release|x64
		{2BA70388-FEF0-46E6-9250-6E1EF660FE5D}.Release|x64.Build.0 = Release|x64
		{2BA70388-FEF0-46E6-9250-6E1EF660FE5D}.Release|x86.ActiveCfg = Release|Win32
		{2BA70388-FEF0-46E6-9250-6E1EF660FE5D}.Release|x86.Build.0 = Release|Win32
		{F8C4D70B-2031-4E22-9D02-7DDF320327B6}.Debug|x64.ActiveCfg = Debug|x64
		{F8C4D70B-2031-4E22-9D02-7DDF320327B6}.Debug|x64.Build.0 = Debug|x64
		{F8C4D70B-2031-4E22-9D02-7DDF320327B6}.Debug|x86.ActiveCfg = Debug|Win32
		{F8C4D70B-2031-4E22-9D02-7DDF320327B6}.Debug|x86.Build.0 = Debug|Win32
		{F8C4D70B-2031-4E22-9D02-7DDF320327B6}.Release|x64.ActiveCfg = Release|x64
		{F8C4D70B-2031-4E22-9D02-7DDF320327B6}.Release|x64.Build.0 = Release|x64
		{F8C4D70B-2031-4E22-9D02-7DDF320327B6}.Release|x86.ActiveCfg = Release|Win32
		{F8C4D70B-2031-4E22-9D02-7DDF320327B6}.Release|x86.Build.0 = Release|Win32
		{88AEC3E9-E70A-488A-9479-B95E3B106963}.Debug|x64.ActiveCfg = Debug|x64
		{88AEC3E9-E70A-488A-9479-B95E3B106963}.Debug|x64.Build.0 = Debug|x64
		{88AEC3E9-E70A-488A-9479-B95E3B106963}.Debug|x86.ActiveCfg = Debug|Win32
		{88AEC3E9-E70A-488A-9479-B95E3B106963}.Debug|x86.Build.0 = Debug|Win32
		{88AEC3E9-E70A-488A-9479-B95E3B106963}.Release|x64.ActiveCfg = Release|x64
		{88AEC3E9-E70A-488A-9479-B95E3B106963}.Release|x64.Build.0 = Release|x64
		{88AEC3E9-E70A-488A-9479-B95E3B106963}.Release|x86.ActiveCfg = Release|Win32
		{88AEC3E9-E70A-488A-9479-B95E3B106963}.Release|x86.Build.0 = Release|Win32
		{8CF49F15-415E-44D4-A74D-59E76EDA9E3C}.Debug|x64.ActiveCfg = Debug|x64
		{8CF49F15-415E-44D4-A74D-59E76EDA9E3C}.Debug|x64.Build.0 = Debug|x64
		{8CF49F15-415E-44D4-A74D-59E76EDA9E3C}.Debug|x86.ActiveCfg = Debug|Win32
		{8CF49F15-415E-44D4-A74D-59E76EDA9E3C}.Debug|x86.Build.0 = Debug|Win32
		{8CF49F15-415E-44D4-A74D-59E76EDA9E3C}.Release|x64.ActiveCfg = Release|x64
		{8CF49F15-415E-44D4-A74D-59E76EDA9E3C}.Release|x64.Build.0 = Release|x64
		{8CF49F15-415E-44D4-A74D-59E76EDA9E3C}.Release|x86.ActiveCfg = Release|Win32
		{8CF49F15-415E-44D4-A74D-59E76EDA9E3C}.Release|x86.Build.0 = Release|Win32
		{285D775B-3F5A-4C5F-975F-A62F530D61F4}.Debug|x64.ActiveCfg = Debug|x64
		{285D775B-3F5A-4C5F-975F-A62F530D61F4}.Debug|x64.Build.0 = Debug|x64
		{285D775B-3F5A-4C5F-975F-A62F530D61F4}.Debug|x86.ActiveCfg = Debug|Win32
		{285D775B-3F5A-4C5F-975F-A62F530D61F4}.Debug|x86.Build.0 = Debug|Win32
		{285D775B-3F5A-4C5F-975F-A62F530D61F4}.Release|x64.ActiveCfg = Release|x64
		{285D775B-3F5A-4C5F-975F-A62F530D61F4}.Release|x64.Build.0 = Release|x64
		{285D775B-3F5A-4C5F-975F-A62F530D61F4}.Release|x86.ActiveCfg = Release|Win32
		{285D775B-3F5A-4C5F-975F-A62F530D61F4}.Release|x86.Build.0 = Release|Win32
		{A53A58AC-4E84-43FF-9059-D06F8407282F}.Debug|x64.ActiveCfg = Debug|x64
		{A53A58AC-4E84-43FF-9059-D06F8407282F}.Debug|x64.Build.0 = Debug|x64
		{A53A58AC-4E84-43FF-9059-D06F8407282F}.Debug|x86.ActiveCfg = Debug|Win32
		{A53A58AC-4E84-43FF-9059-D06F8407282F}.Debug|x86.Build.0 = Debug|Win32
		{A53A58AC-4E84-43FF-9059-D06F8407282F}.Release|x64.ActiveCfg = Release|x64
		{A53A58AC-4E84-43FF-9059-D06F8407282F}.Release|x64.Build.0 = Release|x64
		{A53A58AC-4E84-43FF-9059-D06F8407282F}.Release|x86.ActiveCfg = Release|Win32
		{A53A58AC-4E84-43FF-9059-D06F8407282F}.Release|x86.Build.0 = Release|Win32
		{17880584-5BE5-44A8-A38A-B51E376BE357}.Debug|x64.ActiveCfg = Debug|x64
		{17880584-5BE5-44A8-A38A-B51E376BE357}.Debug|x64.Build.0 = Debug|x64
		{17880584-5BE5-44A8-A38A-B51E376BE357}.Debug|x86.ActiveCfg = Debug|Win32
		{17880584-5BE5-44A8-A38A-B51E376BE357}.Debug|x86.Build.0 = Debug|Win32
		{17880584-5BE5-44A8-A38A-B51E376BE357}.Release|x64.ActiveCfg = Release|x64
		{17880584-5BE5-44A8-A38A-B51E376BE357}.Release|x64.Build.0 = Release|x64
		{17880584-5BE5-44A8-A38A-B51E376BE357}.Release|x86.ActiveCfg = Release|Win32
		{17880584-5BE5-44A8-A38A-B51E376BE357}.Release|x86.Build.0 = Release|Win32
		{132FFC14-CF87-40FE-B214-42B690BE5B71}.Debug|x64.ActiveCfg = Debug|x64
		{132FFC14-CF87-40FE-B214-42B690BE5B71}.Debug|x64.Build.0 = Debug|x64
		{132FFC14-CF87-40FE-B214-42B690BE5B71}.Debug|x86.ActiveCfg = Debug|Win32
		{132FFC14-CF87-40FE-B214-42B690BE5B71}.Debug|x86.Build.0 = Debug|Win32
		{132FFC14-CF87-40FE-B214-42B690BE5B71}.Release|x64.ActiveCfg = Release|x64
		{132FFC14-CF87-40FE-B214-42B690BE5B71}.Release|x64.Build.0 = Release|x64
		{132FFC14-CF87-40FE-B214-42B690BE5B71}.Release|x86.ActiveCfg = Release|Win32
		{132FFC14-CF87-40FE-B214-42B690BE5B71}.Release|x86.Build.0 = Release|Win32
		{009DE3A6-3C64-4206-9992-4A22BA120D2C}.Debug|x64.ActiveCfg = Debug|x64
		{009DE3A6-3C64-4206-9992-4A22BA120D2C}.Debug|x64.Build.0 = Debug|x64
		{009DE3A6-3C64-4206-9992-4A22BA120D2C}.Debug|x86.ActiveCfg = Debug|Win32
		{009DE3A6-3C64-4206-9992-4A22BA120D2C}.Debug|x86.Build.0 = Debug|Win32
		{009DE3A6-3C64-4206-9992-4A22BA120D2C}.Release|x64.ActiveCfg = Release|x64
		{009DE3A6-3C64-4206-9992-4A22BA120D2C}.Release|x64.Build.0 = Release|x64
		{009DE3A6-3C64-4206-9992-4A22BA120D2C}.Release|x86.ActiveCfg = Release|Win32
		{009DE3A6-3C64-4206-9992-4A22BA120D2C}.Release|x86.Build.0 = Release|Win32
		{A4644DC5-9340-410E-BD61-BD674B2207C0}.Debug|x64.ActiveCfg = Debug|x64
		{A4644DC5-9340-410E-BD61-BD674B2207C0}.Debug|x64.Build.0 = Debug|x64
		{A4644DC5-9340-410E-BD61-BD674B2207C0}.Debug|x86.ActiveCfg = Debug|Win32
		{A4644DC5-9340-410E-BD61-BD674B2207C0}.Debug|x86.Build.0 = Debug|Win32
		{A4644DC5-9340-410E-BD61-BD674B2207C0}.Release|x64.ActiveCfg = Release|x64
		{A4644DC5-9340-410E-BD61-BD674B2207C0}.Release|x64.Build.0 = Release|x64
		{A4644DC5-9340-410E-BD61-BD674B2207C0}.Release|x86.ActiveCfg = Release|Win32
		{A4644DC5-9340-410E-BD61-BD674B2207C0}.Release|x86.Build.0 = Release|Win32
		{B76A8803-0721-4B51-9D82-3C3EC50499FA}.Debug|x64.ActiveCfg = Debug|x64
		{B76A8803-0721-4B51-9D82-3C3EC50499FA}.Debug|x64.Build.0 = Debug|x64
		{B76A8803-0721-4B51-9D82-3C3EC50499FA}.Debug|x86.ActiveCfg = Debug|Win32
		{B76A8803-0721-4B51-9D82-3C3EC50499FA}.Debug|x86.Build.0 = Debug|Win32
		{B76A8803-0721-4B51-9D82-3C3EC50499FA}.Release|x64.ActiveCfg = Release|x64
		{B76A8803-0721-4B51-9D82-3C3EC50499FA}.Release|x64.Build.0 = Release|x64
		{B76A8803-0721-4B51-9D82-3C3EC50499FA}.Release|x86.ActiveCfg = Release|Win32
		{B76A8803-0721-4B51-9D82-3C3EC50499FA}.Release|x86.Build.0 = Release|Win32
		{0C7CE44A-72F1-49A4-870E-F50C10793A95}.Debug|x64.ActiveCfg = Debug|x64
		{0C7CE44A-72F1-49A4-870E-F50C10793A95}.Debug|x64.Build.0 = Debug|x64
		{0C7CE44A-72F1-49A4-870E-F50C10793A95}.Debug|x86.ActiveCfg = Debug|Win32
		{0C7CE44A-72F1-49A4-870E-F50C10793A95}.Debug|x86.Build.0 = Debug|Win32
		{0C7CE44A-72F1-49A4-870E-F50C10793A95}.Release|x64.ActiveCfg = Release|x64
		{0C7CE44A-72F1-49A4-870E-F50C10793A95}.Release|x64.Build.0 = Release|x64
		{0C7CE44A-72F1-49A4-870E-F50C10793A95}.Release|x86.ActiveCfg = Release|Win32
		{0C7CE44A-72F1-49A4-870E-F50C10793A95}.Release|x86.Build.0 = Release|Win32
		{04B50FAD-572D-4A64-9754-76C7E425E320}.Debug|x64.ActiveCfg = Debug|x64
		{04B50FAD-572D-4A64-9754-76C7E425E320}.Debug|x64.Build.0 = Debug|x64
		{04B50FAD-572D-4A64-9754-76C7E425E320}.Debug|x86.ActiveCfg = Debug|Win32
		{04B50FAD-572D-4A64-9754-76C7E425E320}.Debug|x86.Build.0 = Debug|Win32
		{04B50FAD-572D-4A64-9754-76C7E425E320}.Release|x64.ActiveCfg = Release|x64
		{04B50FAD-572D-4A64-9754-76C7E425E320}.Release|x64.Build.0 = Release|x64
		{04B50FAD-572D-4A64-9754-76C7E425E320}.Release|x86.ActiveCfg = Release|Win32
		{04B50FAD-572D-4A64-9754-76C7E425E320}.Release|x86.Build.0 = Release|Win32
		{150D8003-0659-4B51-BDC0-7269F46D1A70}.Debug|x64.ActiveCfg = Debug|x64
		{150D8003-0659-4B51-BDC0-7269F46D1A70}.Debug|x64.Build.0 = Debug|x64
		{150D8003-0659-4B51-BDC0-7269F46D1A70}.Debug|x86.ActiveCfg = Debug|Win32
		{150D8003-0659-4B51-BDC0-7269F46D1A70}.Debug|x86.Build.0 = Debug|Win32
		{150D8003-0659-4B51-BDC0-7269F46D1A70}.Release|x64.ActiveCfg = Release|x64
		{150D8003-0659-4B51-BDC0-7269F46D1A70}.Release|x64.Build.0 = Release|x64
		{150D8003-0659-4B51-BDC0-7269F46D1A70}.Release|x86.ActiveCfg = Release|Win32
		{150D8003-0659-4B51-BDC0-7269F46D1A70}.Release|x86.Build.0 = Release|Win32
		{C38E3F3F-1C97-440A-B79E-4A6FA8EB5B4F}.Debug|x64.ActiveCfg = Debug|x64
		{C38E3F3F-1C97-440A-B79E-4A6FA8EB5B4F}.Debug|x64.Build.0 = Debug|x64
		{C38E3F3F-1C97-440A-B79E-4A6FA8EB5B4F}.Debug|x86.ActiveCfg = Debug|Win32
		{C38E3F3F-1C97-440A-B79E-4A6FA8EB5B4F}.Debug|x86.Build.0 = Debug|Win32
		{C38E3F3F-1C97-440A-B79E-4A6FA8EB5B4F}.Release|x64.ActiveCfg = Release|x64
		{C38E3F3F-1C97-440A-B79E-4A6FA8EB5B4F}.Release|x64.Build.0 = Release|x64
		{C38E3F3F-1C97-440A-B79E-4A6FA8EB5B4F}.Release|x86.ActiveCfg = Release|Win32
		{C38E3F3F-1C97-440A-B79E-4A6FA8EB5B4F}.Release|x86.Build.0 = Release|Win32
		{FCAD018B-45DE-45FB-99E6-BC2BA68B87B3}.Debug|x64.ActiveCfg = Debug|x64
		{FCAD018B-45DE-45FB-99E6-BC2BA68B87B3}.Debug|x64.Build.0 = Debug|x64
		{FCAD018B-45DE-45FB-99E6-BC2BA68B87B3}.Debug|x86.ActiveCfg = Debug|Win32
		{FCAD018B-45DE-45FB-99E6-BC2BA68B87B3}.Debug|x86.Build.0 = Debug|Win32
		{FCAD018B-45DE-45FB-99E6-BC2BA68B87B3}.Release|x64.ActiveCfg = Release|x64
		{FCAD018B-45DE-45FB-99E6-BC2BA68B87B3}.Release|x64.Build.0 = Release|x64
		{FCAD018B-45DE-45FB-99E6-BC2BA68B87B3}.Release|x86.ActiveCfg = Release|Win32
		{FCAD018B-45DE-45FB-99E6-BC2BA68B87B3}.Release|x86.Build.0 = Release|Win32
		{2AEE9467-E33D-47F9-B8F6-A8B5B8F1F3CA}.Debug|x64.ActiveCfg = Debug|x64
		{2AEE9467-E33D-47F9-B8F6-A8B5B8F1F3CA}.Debug|x64.Build.0 = Debug|x64
		{2AEE9467-E33D-47F9-B8F6-A8B5B8F1F3CA}.Debug|x86.ActiveCfg = Debug|Win32
		{2AEE9467-E33D-47F9-B8F6-A8B5B8F1F3CA}.Debug|x86.Build.0 = Debug|Win32
		{2AEE9467-E33D-47F9-B8F6-A8B5B8F1F3CA}.Release|x64.ActiveCfg = Release|x64
		{2AEE9467-E33D-47F9-B8F6-A8B5B8F1F3CA}.Release|x64.Build.0 = Release|x64
		{2AEE9467-E33D-47F9-B8F6-A8B5B8F1F3CA}.Release|x86.ActiveCfg = Release|Win32
		{2AEE9467-E33D-47F9-B8F6-A8B5B8F1F3CA}.Release|x86.Build.0 = Release|Win32
		{7C928152-1CC8-40BE-8B34-D05D6F214BB1}.Debug|x64.ActiveCfg = Debug|x64
		{7C928152-1CC8-40BE-8B34-D05D6F214BB1}.Debug|x64.Build.0 = Debug|x64
		{7C928152-1CC8-40BE-8B34-D05D6F214BB1}.Debug|x86.ActiveCfg = Debug|Win32
		{7C928152-1CC8-40BE-8B34-D05D6F214BB1}.Debug|x86.Build.0 = Debug|Win32
		{7C928152-1CC8-40BE-8B34-D05D6F214BB1}.Release|x64.ActiveCfg = Release|x64
		{7C928152-1CC8-40BE-8B34-D05D6F214BB1}.Release|x64.Build.0 = Release|x64
		{7C928152-1CC8-40BE-8B34-D05D6F214BB1}.Release|x86.ActiveCfg = Release|Win32
		{7C928152-1CC8-40BE-8B34-D05D6F214BB1}.Release|x86.Build.0 = Release|Win32
		{5079CE89-0C83-41D9-8117-092A79691DB6}.Debug|x64.ActiveCfg = Debug|x64
		{5079CE89-0C83-41D9-8117-092A79691DB6}.Debug|x64.Build.0 = Debug|x64
		{5079CE89-0C83-41D9-8117-092A79691DB6}.Debug|x86.ActiveCfg = Debug|Win32
		{5079CE89-0C83-41D9-8117-092A79691DB6}.Debug|x86.Build.0 = Debug|Win32
		{5079CE89-0C83-41D9-8117-092A79691DB6}.Release|x64.ActiveCfg = Release|x64
		{5079CE89-0C83-41D9-8117-092A79691DB6}.Release|x64.Build.0 = Release|x64
		{5079CE89-0C83-41D9-8117-092A79691DB6}.Release|x86.ActiveCfg = Release|Win32
		{5079CE89-0C83-41D9-8117-092A79691DB6}.Release|x86.Build.0 = Release|Win32
		{A27FD509-659B-4AAB-A389-11816460E296}.Debug|x64.ActiveCfg = Debug|x64
		{A27FD509-659B-4AAB-A389-11816460E296}.Debug|x64.Build.0 = Debug|x64
		{A27FD509-659B-4AAB-A389-11816460E296}.Debug|x86.ActiveCfg = Debug|Win32
		{A27FD509-659B-4AAB-A389-11816460E296}.Debug|x86.Build.0 = Debug|Win32
		{A27FD509-659B-4AAB-A389-11816460E296}.Release|x64.ActiveCfg = Release|x64
		{A27FD509-659B-4AAB-A389-11816460E296}.Release|x64.Build.0 = Release|x64
		{A27FD509-659B-4AAB-A389-11816460E296}.Release|x86.ActiveCfg = Release|Win32
		{A27FD509-659B-4AAB-A389-11816460E296}.Release|x86.Build.0 = Release|Win32
		{99A3BF1C-E271-45B4-9862-0B7568D06FA9}.Debug|x64.ActiveCfg = Debug|x64
		{99A3BF1C-E271-45B4-9862-0B7568D06FA9}.Debug|x64.Build.0 = Debug|x64
		{99A3BF1C-E271-45B4-9862-0B7568D06FA9}.Debug|x86.ActiveCfg = Debug|Win32
		{99A3BF1C-E271-45B4-9862-0B7568D06FA9}.Debug|x86.Build.0 = Debug|Win32
		{99A3BF1C-E271-45B4-9862-0B7568D06FA9}.Release|x64.ActiveCfg = Release|x64
		{99A3BF1C-E271-45B4-9862-0B7568D06FA9}.Release|x64.Build.0 = Release|x64
		{99A3BF1C-E271-45B4-9862-0B7568D06FA9}.Release|x86.ActiveCfg = Release|Win32
		{99A3BF1C-E271-45B4-9862-0B7568D06FA9}.Release|x86.Build.0 = Release|Win32
		{0B5011E7-F50C-436F-9A2D-7F7AD8AEEBD3}.Debug|x64.ActiveCfg = Debug|x64
		{0B5011E7-F50C-436F-9A2D-7F7AD8AEEBD3}.Debug|x64.Build.0 = Debug|x64
		{0B5011E7-F50C-436F-9A2D-7F7AD8AEEBD3}.Debug|x86.ActiveCfg = Debug|Win32
		{0B5011E7-F50C-436F-9A2D-7F7AD8AEEBD3}.Debug|x86.Build.0 = Debug|Win32
		{0B5011E7-F50C-436F-9A2D-7F7AD8AEEBD3}.Release|x64.ActiveCfg = Release|x64
		{0B5011E7-F50C-436F-9A2D-7F7AD8AEEBD3}.Release|x64.Build.0 = Release|x64
		{0B5011E7-F50C-436F-9A2D-7F7AD8AEEBD3}.Release|x86.ActiveCfg = Release|Win32
		{0B5011E7-F50C-436F-9A2D-7F7AD8AEEBD3}.Release|x86.Build.0 = Release|Win32
	EndGlobalSection
	GlobalSection(SolutionProperties) = preSolution
		HideSolutionNode = FALSE
	EndGlobalSection
	GlobalSection(ExtensibilityGlobals) = postSolution
		SolutionGuid = {05AC78D0-FD32-472A-938D-971DD8347004}
	EndGlobalSection
EndGlobal
